
Microsoft Visual Studio Solution File, Format Version 12.00
# Visual Studio Version 17
VisualStudioVersion = 17.5.002.0
MinimumVisualStudioVersion = 10.0.40219.1
Project("{9A19103F-16F7-4668-BE54-9A1E7A4F7556}") = "17-dotnetdf-MyCollage", "17-dotnetdf-MyCollage.csproj", "{F6E8CEE9-A352-408F-9DD8-D05B3975D9EA}"
EndProject
Global
	GlobalSection(SolutionConfigurationPlatforms) = preSolution
		Debug|Any CPU = Debug|Any CPU
		Release|Any CPU = Release|Any CPU
	EndGlobalSection
	GlobalSection(ProjectConfigurationPlatforms) = postSolution
		{F6E8CEE9-A352-408F-9DD8-D05B3975D9EA}.Debug|Any CPU.ActiveCfg = Debug|Any CPU
		{F6E8CEE9-A352-408F-9DD8-D05B3975D9EA}.Debug|Any CPU.Build.0 = Debug|Any CPU
		{F6E8CEE9-A352-408F-9DD8-D05B3975D9EA}.Release|Any CPU.ActiveCfg = Release|Any CPU
		{F6E8CEE9-A352-408F-9DD8-D05B3975D9EA}.Release|Any CPU.Build.0 = Release|Any CPU
	EndGlobalSection
	GlobalSection(SolutionProperties) = preSolution
		HideSolutionNode = FALSE
	EndGlobalSection
	GlobalSection(ExtensibilityGlobals) = postSolution
		SolutionGuid = {A9DBE390-D016-46CF-9355-15C4DC4A8DCE}
	EndGlobalSection
EndGlobal
